# WGT-V11 R2 correctness lock
# Target: CPython 3.12, Windows AMD64
# Scope: build + runtime + correctness tests only
# Generated from the exact pyproject pins; every resolved wheel is hash-bound.
# R3-R9 scientific, benchmark-effect, and analysis dependencies are excluded.

--require-hashes
--only-binary=:all:

colorama==0.4.6 --hash=sha256:4f1d9991f5acc0ca119f9d443620b77f9d6b33703e51011c16baf57afb285fc6
iniconfig==2.3.0 --hash=sha256:f631c04d2c48c52b84d0d0549c99ff3859c98df65b3101406327ecc7d53fbf12
numpy==1.26.4 --hash=sha256:08beddf13648eb95f8d867350f6a018a4be2e5ad54c8d8caed89ebca558b2818
packaging==26.2 --hash=sha256:5fc45236b9446107ff2415ce77c807cee2862cb6fac22b8a73826d0693b0980e
pluggy==1.6.0 --hash=sha256:e920276dd6813095e9377c0bc5566d94c932c33b27a3e3945d8389c374dd4746
pytest==8.3.4 --hash=sha256:50e16d954148559c9a74109af1eaf0c945ba2d8f30f0a3d3335edde19788b6f6
ruff==0.9.4 --hash=sha256:05bebf4cdbe3ef75430d26c375773978950bbf4ee3c95ccb5448940dc092408e
setuptools==75.1.0 --hash=sha256:35ab7fd3bcd95e6b7fd704e4a1539513edad446c097797f2985e0e4b960772f2
wheel==0.44.0 --hash=sha256:2376a90c98cc337d18623527a97c31797bd02bad0033d41547043a1cbfbe448f
